// !$*UTF8*$!
{
	archiveVersion = 1;
	classes = {
	};
	objectVersion = 46;
	objects = {

/* Begin PBXBuildFile section */
		5511C27C1963DD7E00E2C33B /* TTPSubjectCell.m in Sources */ = {isa = PBXBuildFile; fileRef = 5511C27B1963DD7E00E2C33B /* TTPSubjectCell.m */; };
		5511C27D1963DD7E00E2C33B /* TTPSubjectCell.m in Sources */ = {isa = PBXBuildFile; fileRef = 5511C27B1963DD7E00E2C33B /* TTPSubjectCell.m */; };
		5511C280196424DB00E2C33B /* TTPTimetableAccessor.m in Sources */ = {isa = PBXBuildFile; fileRef = 5511C27F196424DB00E2C33B /* TTPTimetableAccessor.m */; };
		5511C281196424DB00E2C33B /* TTPTimetableAccessor.m in Sources */ = {isa = PBXBuildFile; fileRef = 5511C27F196424DB00E2C33B /* TTPTimetableAccessor.m */; };
		551C9351195F90A00017145D /* TTPGroupViewController.m in Sources */ = {isa = PBXBuildFile; fileRef = 551C9350195F90A00017145D /* TTPGroupViewController.m */; };
		551C9352195F90A00017145D /* TTPGroupViewController.m in Sources */ = {isa = PBXBuildFile; fileRef = 551C9350195F90A00017145D /* TTPGroupViewController.m */; };
		5520FB681961A20A0031B156 /* TTPLesson.m in Sources */ = {isa = PBXBuildFile; fileRef = 5520FB621961A20A0031B156 /* TTPLesson.m */; };
		5520FB691961A20A0031B156 /* TTPLesson.m in Sources */ = {isa = PBXBuildFile; fileRef = 5520FB621961A20A0031B156 /* TTPLesson.m */; };
		5520FB6C1961A20A0031B156 /* TTPSubgroup.m in Sources */ = {isa = PBXBuildFile; fileRef = 5520FB661961A20A0031B156 /* TTPSubgroup.m */; };
		5520FB6D1961A20A0031B156 /* TTPSubgroup.m in Sources */ = {isa = PBXBuildFile; fileRef = 5520FB661961A20A0031B156 /* TTPSubgroup.m */; };
		5520FB781961BA3A0031B156 /* TTPTimetableViewController.m in Sources */ = {isa = PBXBuildFile; fileRef = 5520FB771961BA3A0031B156 /* TTPTimetableViewController.m */; };
		5520FB791961BA3A0031B156 /* TTPTimetableViewController.m in Sources */ = {isa = PBXBuildFile; fileRef = 5520FB771961BA3A0031B156 /* TTPTimetableViewController.m */; };
		5520FB841961D7940031B156 /* Main-35.storyboard in Resources */ = {isa = PBXBuildFile; fileRef = 5520FB821961D7940031B156 /* Main-35.storyboard */; };
		5520FB851961D7940031B156 /* Main-35.storyboard in Resources */ = {isa = PBXBuildFile; fileRef = 5520FB821961D7940031B156 /* Main-35.storyboard */; };
		5571DFD9195F66980089E7E7 /* Foundation.framework in Frameworks */ = {isa = PBXBuildFile; fileRef = 5571DFD8195F66980089E7E7 /* Foundation.framework */; };
		5571DFDB195F66980089E7E7 /* CoreGraphics.framework in Frameworks */ = {isa = PBXBuildFile; fileRef = 5571DFDA195F66980089E7E7 /* CoreGraphics.framework */; };
		5571DFDD195F66980089E7E7 /* UIKit.framework in Frameworks */ = {isa = PBXBuildFile; fileRef = 5571DFDC195F66980089E7E7 /* UIKit.framework */; };
		5571DFE3195F66980089E7E7 /* InfoPlist.strings in Resources */ = {isa = PBXBuildFile; fileRef = 5571DFE1195F66980089E7E7 /* InfoPlist.strings */; };
		5571DFE5195F66980089E7E7 /* main.m in Sources */ = {isa = PBXBuildFile; fileRef = 5571DFE4195F66980089E7E7 /* main.m */; };
		5571DFE9195F66980089E7E7 /* TTPAppDelegate.m in Sources */ = {isa = PBXBuildFile; fileRef = 5571DFE8195F66980089E7E7 /* TTPAppDelegate.m */; };
		5571DFEC195F66980089E7E7 /* Main.storyboard in Resources */ = {isa = PBXBuildFile; fileRef = 5571DFEA195F66980089E7E7 /* Main.storyboard */; };
		5571DFF1195F66980089E7E7 /* Images.xcassets in Resources */ = {isa = PBXBuildFile; fileRef = 5571DFF0195F66980089E7E7 /* Images.xcassets */; };
		5571DFF8195F66980089E7E7 /* XCTest.framework in Frameworks */ = {isa = PBXBuildFile; fileRef = 5571DFF7195F66980089E7E7 /* XCTest.framework */; };
		5571DFF9195F66980089E7E7 /* Foundation.framework in Frameworks */ = {isa = PBXBuildFile; fileRef = 5571DFD8195F66980089E7E7 /* Foundation.framework */; };
		5571DFFA195F66980089E7E7 /* UIKit.framework in Frameworks */ = {isa = PBXBuildFile; fileRef = 5571DFDC195F66980089E7E7 /* UIKit.framework */; };
		5571E002195F66980089E7E7 /* InfoPlist.strings in Resources */ = {isa = PBXBuildFile; fileRef = 5571E000195F66980089E7E7 /* InfoPlist.strings */; };
		5571E004195F66980089E7E7 /* TimetablesTests.m in Sources */ = {isa = PBXBuildFile; fileRef = 5571E003195F66980089E7E7 /* TimetablesTests.m */; };
		5571E014195F71150089E7E7 /* TTPDepartmentViewController.m in Sources */ = {isa = PBXBuildFile; fileRef = 5571E013195F71150089E7E7 /* TTPDepartmentViewController.m */; };
		5571E015195F71150089E7E7 /* TTPDepartmentViewController.m in Sources */ = {isa = PBXBuildFile; fileRef = 5571E013195F71150089E7E7 /* TTPDepartmentViewController.m */; };
		5571E01D195F754E0089E7E7 /* TTPDepartment.m in Sources */ = {isa = PBXBuildFile; fileRef = 5571E01B195F754E0089E7E7 /* TTPDepartment.m */; };
		5571E01E195F754E0089E7E7 /* TTPDepartment.m in Sources */ = {isa = PBXBuildFile; fileRef = 5571E01B195F754E0089E7E7 /* TTPDepartment.m */; };
		5571E021195F75B20089E7E7 /* TTPParser.m in Sources */ = {isa = PBXBuildFile; fileRef = 5571E01F195F75B20089E7E7 /* TTPParser.m */; };
		5571E022195F75B20089E7E7 /* TTPParser.m in Sources */ = {isa = PBXBuildFile; fileRef = 5571E01F195F75B20089E7E7 /* TTPParser.m */; };
/* End PBXBuildFile section */

/* Begin PBXContainerItemProxy section */
		5571DFFB195F66980089E7E7 /* PBXContainerItemProxy */ = {
			isa = PBXContainerItemProxy;
			containerPortal = 5571DFCD195F66980089E7E7 /* Project object */;
			proxyType = 1;
			remoteGlobalIDString = 5571DFD4195F66980089E7E7;
			remoteInfo = Timetables;
		};
/* End PBXContainerItemProxy section */

/* Begin PBXFileReference section */
		5511C27A1963DD7E00E2C33B /* TTPSubjectCell.h */ = {isa = PBXFileReference; fileEncoding = 4; lastKnownFileType = sourcecode.c.h; path = TTPSubjectCell.h; sourceTree = "<group>"; };
		5511C27B1963DD7E00E2C33B /* TTPSubjectCell.m */ = {isa = PBXFileReference; fileEncoding = 4; lastKnownFileType = sourcecode.c.objc; path = TTPSubjectCell.m; sourceTree = "<group>"; };
		5511C27E196424DB00E2C33B /* TTPTimetableAccessor.h */ = {isa = PBXFileReference; fileEncoding = 4; lastKnownFileType = sourcecode.c.h; path = TTPTimetableAccessor.h; sourceTree = "<group>"; };
		5511C27F196424DB00E2C33B /* TTPTimetableAccessor.m */ = {isa = PBXFileReference; fileEncoding = 4; lastKnownFileType = sourcecode.c.objc; path = TTPTimetableAccessor.m; sourceTree = "<group>"; };
		551C934F195F90A00017145D /* TTPGroupViewController.h */ = {isa = PBXFileReference; fileEncoding = 4; lastKnownFileType = sourcecode.c.h; path = TTPGroupViewController.h; sourceTree = "<group>"; };
		551C9350195F90A00017145D /* TTPGroupViewController.m */ = {isa = PBXFileReference; fileEncoding = 4; lastKnownFileType = sourcecode.c.objc; path = TTPGroupViewController.m; sourceTree = "<group>"; };
		5520FB621961A20A0031B156 /* TTPLesson.m */ = {isa = PBXFileReference; fileEncoding = 4; lastKnownFileType = sourcecode.c.objc; path = TTPLesson.m; sourceTree = "<group>"; };
		5520FB631961A20A0031B156 /* TTPLesson.h */ = {isa = PBXFileReference; fileEncoding = 4; lastKnownFileType = sourcecode.c.h; path = TTPLesson.h; sourceTree = "<group>"; };
		5520FB661961A20A0031B156 /* TTPSubgroup.m */ = {isa = PBXFileReference; fileEncoding = 4; lastKnownFileType = sourcecode.c.objc; path = TTPSubgroup.m; sourceTree = "<group>"; };
		5520FB671961A20A0031B156 /* TTPSubgroup.h */ = {isa = PBXFileReference; fileEncoding = 4; lastKnownFileType = sourcecode.c.h; path = TTPSubgroup.h; sourceTree = "<group>"; };
		5520FB761961BA3A0031B156 /* TTPTimetableViewController.h */ = {isa = PBXFileReference; fileEncoding = 4; lastKnownFileType = sourcecode.c.h; path = TTPTimetableViewController.h; sourceTree = "<group>"; };
		5520FB771961BA3A0031B156 /* TTPTimetableViewController.m */ = {isa = PBXFileReference; fileEncoding = 4; lastKnownFileType = sourcecode.c.objc; path = TTPTimetableViewController.m; sourceTree = "<group>"; };
		5520FB831961D7940031B156 /* Base */ = {isa = PBXFileReference; lastKnownFileType = file.storyboard; name = Base; path = "Base.lproj/Main-35.storyboard"; sourceTree = "<group>"; };
		5571DFD5195F66980089E7E7 /* Timetables.app */ = {isa = PBXFileReference; explicitFileType = wrapper.application; includeInIndex = 0; path = Timetables.app; sourceTree = BUILT_PRODUCTS_DIR; };
		5571DFD8195F66980089E7E7 /* Foundation.framework */ = {isa = PBXFileReference; lastKnownFileType = wrapper.framework; name = Foundation.framework; path = System/Library/Frameworks/Foundation.framework; sourceTree = SDKROOT; };
		5571DFDA195F66980089E7E7 /* CoreGraphics.framework */ = {isa = PBXFileReference; lastKnownFileType = wrapper.framework; name = CoreGraphics.framework; path = System/Library/Frameworks/CoreGraphics.framework; sourceTree = SDKROOT; };
		5571DFDC195F66980089E7E7 /* UIKit.framework */ = {isa = PBXFileReference; lastKnownFileType = wrapper.framework; name = UIKit.framework; path = System/Library/Frameworks/UIKit.framework; sourceTree = SDKROOT; };
		5571DFE0195F66980089E7E7 /* Timetables-Info.plist */ = {isa = PBXFileReference; lastKnownFileType = text.plist.xml; path = "Timetables-Info.plist"; sourceTree = "<group>"; };
		5571DFE2195F66980089E7E7 /* en */ = {isa = PBXFileReference; lastKnownFileType = text.plist.strings; name = en; path = en.lproj/InfoPlist.strings; sourceTree = "<group>"; };
		5571DFE4195F66980089E7E7 /* main.m */ = {isa = PBXFileReference; lastKnownFileType = sourcecode.c.objc; path = main.m; sourceTree = "<group>"; };
		5571DFE6195F66980089E7E7 /* Timetables-Prefix.pch */ = {isa = PBXFileReference; lastKnownFileType = sourcecode.c.h; path = "Timetables-Prefix.pch"; sourceTree = "<group>"; };
		5571DFE7195F66980089E7E7 /* TTPAppDelegate.h */ = {isa = PBXFileReference; lastKnownFileType = sourcecode.c.h; path = TTPAppDelegate.h; sourceTree = "<group>"; };
		5571DFE8195F66980089E7E7 /* TTPAppDelegate.m */ = {isa = PBXFileReference; lastKnownFileType = sourcecode.c.objc; path = TTPAppDelegate.m; sourceTree = "<group>"; };
		5571DFEB195F66980089E7E7 /* Base */ = {isa = PBXFileReference; lastKnownFileType = file.storyboard; name = Base; path = Base.lproj/Main.storyboard; sourceTree = "<group>"; };
		5571DFF0195F66980089E7E7 /* Images.xcassets */ = {isa = PBXFileReference; lastKnownFileType = folder.assetcatalog; path = Images.xcassets; sourceTree = "<group>"; };
		5571DFF6195F66980089E7E7 /* TimetablesTests.xctest */ = {isa = PBXFileReference; explicitFileType = wrapper.cfbundle; includeInIndex = 0; path = TimetablesTests.xctest; sourceTree = BUILT_PRODUCTS_DIR; };
		5571DFF7195F66980089E7E7 /* XCTest.framework */ = {isa = PBXFileReference; lastKnownFileType = wrapper.framework; name = XCTest.framework; path = Library/Frameworks/XCTest.framework; sourceTree = DEVELOPER_DIR; };
		5571DFFF195F66980089E7E7 /* TimetablesTests-Info.plist */ = {isa = PBXFileReference; lastKnownFileType = text.plist.xml; path = "TimetablesTests-Info.plist"; sourceTree = "<group>"; };
		5571E001195F66980089E7E7 /* en */ = {isa = PBXFileReference; lastKnownFileType = text.plist.strings; name = en; path = en.lproj/InfoPlist.strings; sourceTree = "<group>"; };
		5571E003195F66980089E7E7 /* TimetablesTests.m */ = {isa = PBXFileReference; lastKnownFileType = sourcecode.c.objc; path = TimetablesTests.m; sourceTree = "<group>"; };
		5571E012195F71150089E7E7 /* TTPDepartmentViewController.h */ = {isa = PBXFileReference; fileEncoding = 4; lastKnownFileType = sourcecode.c.h; path = TTPDepartmentViewController.h; sourceTree = "<group>"; };
		5571E013195F71150089E7E7 /* TTPDepartmentViewController.m */ = {isa = PBXFileReference; fileEncoding = 4; lastKnownFileType = sourcecode.c.objc; path = TTPDepartmentViewController.m; sourceTree = "<group>"; };
		5571E01B195F754E0089E7E7 /* TTPDepartment.m */ = {isa = PBXFileReference; fileEncoding = 4; lastKnownFileType = sourcecode.c.objc; path = TTPDepartment.m; sourceTree = "<group>"; };
		5571E01C195F754E0089E7E7 /* TTPDepartment.h */ = {isa = PBXFileReference; fileEncoding = 4; lastKnownFileType = sourcecode.c.h; path = TTPDepartment.h; sourceTree = "<group>"; };
		5571E01F195F75B20089E7E7 /* TTPParser.m */ = {isa = PBXFileReference; fileEncoding = 4; lastKnownFileType = sourcecode.c.objc; path = TTPParser.m; sourceTree = "<group>"; };
		5571E020195F75B20089E7E7 /* TTPParser.h */ = {isa = PBXFileReference; fileEncoding = 4; lastKnownFileType = sourcecode.c.h; path = TTPParser.h; sourceTree = "<group>"; };
/* End PBXFileReference section */

/* Begin PBXFrameworksBuildPhase section */
		5571DFD2195F66980089E7E7 /* Frameworks */ = {
			isa = PBXFrameworksBuildPhase;
			buildActionMask = 2147483647;
			files = (
				5571DFDB195F66980089E7E7 /* CoreGraphics.framework in Frameworks */,
				5571DFDD195F66980089E7E7 /* UIKit.framework in Frameworks */,
				5571DFD9195F66980089E7E7 /* Foundation.framework in Frameworks */,
			);
			runOnlyForDeploymentPostprocessing = 0;
		};
		5571DFF3195F66980089E7E7 /* Frameworks */ = {
			isa = PBXFrameworksBuildPhase;
			buildActionMask = 2147483647;
			files = (
				5571DFF8195F66980089E7E7 /* XCTest.framework in Frameworks */,
				5571DFFA195F66980089E7E7 /* UIKit.framework in Frameworks */,
				5571DFF9195F66980089E7E7 /* Foundation.framework in Frameworks */,
			);
			runOnlyForDeploymentPostprocessing = 0;
		};
/* End PBXFrameworksBuildPhase section */

/* Begin PBXGroup section */
		5511C2791963DD5E00E2C33B /* Cells */ = {
			isa = PBXGroup;
			children = (
				5511C27A1963DD7E00E2C33B /* TTPSubjectCell.h */,
				5511C27B1963DD7E00E2C33B /* TTPSubjectCell.m */,
			);
			name = Cells;
			sourceTree = "<group>";
		};
		5571DFCC195F66980089E7E7 = {
			isa = PBXGroup;
			children = (
				5571DFDE195F66980089E7E7 /* Timetables */,
				5571DFFD195F66980089E7E7 /* TimetablesTests */,
				5571DFD7195F66980089E7E7 /* Frameworks */,
				5571DFD6195F66980089E7E7 /* Products */,
			);
			sourceTree = "<group>";
		};
		5571DFD6195F66980089E7E7 /* Products */ = {
			isa = PBXGroup;
			children = (
				5571DFD5195F66980089E7E7 /* Timetables.app */,
				5571DFF6195F66980089E7E7 /* TimetablesTests.xctest */,
			);
			name = Products;
			sourceTree = "<group>";
		};
		5571DFD7195F66980089E7E7 /* Frameworks */ = {
			isa = PBXGroup;
			children = (
				5571DFD8195F66980089E7E7 /* Foundation.framework */,
				5571DFDA195F66980089E7E7 /* CoreGraphics.framework */,
				5571DFDC195F66980089E7E7 /* UIKit.framework */,
				5571DFF7195F66980089E7E7 /* XCTest.framework */,
			);
			name = Frameworks;
			sourceTree = "<group>";
		};
		5571DFDE195F66980089E7E7 /* Timetables */ = {
			isa = PBXGroup;
			children = (
				5571E01A195F75180089E7E7 /* Entities */,
				5571E00D195F6F350089E7E7 /* Controllers */,
				5571DFE7195F66980089E7E7 /* TTPAppDelegate.h */,
				5571DFE8195F66980089E7E7 /* TTPAppDelegate.m */,
				5571DFEA195F66980089E7E7 /* Main.storyboard */,
				5520FB821961D7940031B156 /* Main-35.storyboard */,
				5571DFF0195F66980089E7E7 /* Images.xcassets */,
				5571DFDF195F66980089E7E7 /* Supporting Files */,
			);
			path = Timetables;
			sourceTree = "<group>";
		};
		5571DFDF195F66980089E7E7 /* Supporting Files */ = {
			isa = PBXGroup;
			children = (
				5571DFE0195F66980089E7E7 /* Timetables-Info.plist */,
				5571DFE1195F66980089E7E7 /* InfoPlist.strings */,
				5571DFE4195F66980089E7E7 /* main.m */,
				5571DFE6195F66980089E7E7 /* Timetables-Prefix.pch */,
			);
			name = "Supporting Files";
			sourceTree = "<group>";
		};
		5571DFFD195F66980089E7E7 /* TimetablesTests */ = {
			isa = PBXGroup;
			children = (
				5571E003195F66980089E7E7 /* TimetablesTests.m */,
				5571DFFE195F66980089E7E7 /* Supporting Files */,
			);
			path = TimetablesTests;
			sourceTree = "<group>";
		};
		5571DFFE195F66980089E7E7 /* Supporting Files */ = {
			isa = PBXGroup;
			children = (
				5571DFFF195F66980089E7E7 /* TimetablesTests-Info.plist */,
				5571E000195F66980089E7E7 /* InfoPlist.strings */,
			);
			name = "Supporting Files";
			sourceTree = "<group>";
		};
		5571E00D195F6F350089E7E7 /* Controllers */ = {
			isa = PBXGroup;
			children = (
				5511C2791963DD5E00E2C33B /* Cells */,
				5571E012195F71150089E7E7 /* TTPDepartmentViewController.h */,
				5571E013195F71150089E7E7 /* TTPDepartmentViewController.m */,
				551C934F195F90A00017145D /* TTPGroupViewController.h */,
				551C9350195F90A00017145D /* TTPGroupViewController.m */,
				5520FB761961BA3A0031B156 /* TTPTimetableViewController.h */,
				5520FB771961BA3A0031B156 /* TTPTimetableViewController.m */,
			);
			name = Controllers;
			sourceTree = "<group>";
		};
		5571E01A195F75180089E7E7 /* Entities */ = {
			isa = PBXGroup;
			children = (
				5520FB621961A20A0031B156 /* TTPLesson.m */,
				5520FB631961A20A0031B156 /* TTPLesson.h */,
				5520FB661961A20A0031B156 /* TTPSubgroup.m */,
				5520FB671961A20A0031B156 /* TTPSubgroup.h */,
				5571E01F195F75B20089E7E7 /* TTPParser.m */,
				5571E020195F75B20089E7E7 /* TTPParser.h */,
				5571E01B195F754E0089E7E7 /* TTPDepartment.m */,
				5571E01C195F754E0089E7E7 /* TTPDepartment.h */,
				5511C27E196424DB00E2C33B /* TTPTimetableAccessor.h */,
				5511C27F196424DB00E2C33B /* TTPTimetableAccessor.m */,
			);
			name = Entities;
			sourceTree = "<group>";
		};
/* End PBXGroup section */

/* Begin PBXNativeTarget section */
		5571DFD4195F66980089E7E7 /* Timetables */ = {
			isa = PBXNativeTarget;
			buildConfigurationList = 5571E007195F66980089E7E7 /* Build configuration list for PBXNativeTarget "Timetables" */;
			buildPhases = (
				5571DFD1195F66980089E7E7 /* Sources */,
				5571DFD2195F66980089E7E7 /* Frameworks */,
				5571DFD3195F66980089E7E7 /* Resources */,
			);
			buildRules = (
			);
			dependencies = (
			);
			name = Timetables;
			productName = Timetables;
			productReference = 5571DFD5195F66980089E7E7 /* Timetables.app */;
			productType = "com.apple.product-type.application";
		};
		5571DFF5195F66980089E7E7 /* TimetablesTests */ = {
			isa = PBXNativeTarget;
			buildConfigurationList = 5571E00A195F66980089E7E7 /* Build configuration list for PBXNativeTarget "TimetablesTests" */;
			buildPhases = (
				5571DFF2195F66980089E7E7 /* Sources */,
				5571DFF3195F66980089E7E7 /* Frameworks */,
				5571DFF4195F66980089E7E7 /* Resources */,
			);
			buildRules = (
			);
			dependencies = (
				5571DFFC195F66980089E7E7 /* PBXTargetDependency */,
			);
			name = TimetablesTests;
			productName = TimetablesTests;
			productReference = 5571DFF6195F66980089E7E7 /* TimetablesTests.xctest */;
			productType = "com.apple.product-type.bundle.unit-test";
		};
/* End PBXNativeTarget section */

/* Begin PBXProject section */
		5571DFCD195F66980089E7E7 /* Project object */ = {
			isa = PBXProject;
			attributes = {
				CLASSPREFIX = TTP;
				LastUpgradeCheck = 0510;
				ORGANIZATIONNAME = "Vlad Slepukhin";
				TargetAttributes = {
					5571DFF5195F66980089E7E7 = {
						TestTargetID = 5571DFD4195F66980089E7E7;
					};
				};
			};
			buildConfigurationList = 5571DFD0195F66980089E7E7 /* Build configuration list for PBXProject "Timetables" */;
			compatibilityVersion = "Xcode 3.2";
			developmentRegion = English;
			hasScannedForEncodings = 0;
			knownRegions = (
				en,
				Base,
			);
			mainGroup = 5571DFCC195F66980089E7E7;
			productRefGroup = 5571DFD6195F66980089E7E7 /* Products */;
			projectDirPath = "";
			projectRoot = "";
			targets = (
				5571DFD4195F66980089E7E7 /* Timetables */,
				5571DFF5195F66980089E7E7 /* TimetablesTests */,
			);
		};
/* End PBXProject section */

/* Begin PBXResourcesBuildPhase section */
		5571DFD3195F66980089E7E7 /* Resources */ = {
			isa = PBXResourcesBuildPhase;
			buildActionMask = 2147483647;
			files = (
				5571DFF1195F66980089E7E7 /* Images.xcassets in Resources */,
				5571DFE3195F66980089E7E7 /* InfoPlist.strings in Resources */,
				5571DFEC195F66980089E7E7 /* Main.storyboard in Resources */,
				5520FB841961D7940031B156 /* Main-35.storyboard in Resources */,
			);
			runOnlyForDeploymentPostprocessing = 0;
		};
		5571DFF4195F66980089E7E7 /* Resources */ = {
			isa = PBXResourcesBuildPhase;
			buildActionMask = 2147483647;
			files = (
				5571E002195F66980089E7E7 /* InfoPlist.strings in Resources */,
				5520FB851961D7940031B156 /* Main-35.storyboard in Resources */,
			);
			runOnlyForDeploymentPostprocessing = 0;
		};
/* End PBXResourcesBuildPhase section */

/* Begin PBXSourcesBuildPhase section */
		5571DFD1195F66980089E7E7 /* Sources */ = {
			isa = PBXSourcesBuildPhase;
			buildActionMask = 2147483647;
			files = (
				5571E01D195F754E0089E7E7 /* TTPDepartment.m in Sources */,
				5571E021195F75B20089E7E7 /* TTPParser.m in Sources */,
				5571DFE5195F66980089E7E7 /* main.m in Sources */,
				5571DFE9195F66980089E7E7 /* TTPAppDelegate.m in Sources */,
				5511C280196424DB00E2C33B /* TTPTimetableAccessor.m in Sources */,
				5571E014195F71150089E7E7 /* TTPDepartmentViewController.m in Sources */,
				5520FB6C1961A20A0031B156 /* TTPSubgroup.m in Sources */,
				5520FB681961A20A0031B156 /* TTPLesson.m in Sources */,
				5511C27C1963DD7E00E2C33B /* TTPSubjectCell.m in Sources */,
				5520FB781961BA3A0031B156 /* TTPTimetableViewController.m in Sources */,
				551C9351195F90A00017145D /* TTPGroupViewController.m in Sources */,
			);
			runOnlyForDeploymentPostprocessing = 0;
		};
		5571DFF2195F66980089E7E7 /* Sources */ = {
			isa = PBXSourcesBuildPhase;
			buildActionMask = 2147483647;
			files = (
				5511C27D1963DD7E00E2C33B /* TTPSubjectCell.m in Sources */,
				5571E015195F71150089E7E7 /* TTPDepartmentViewController.m in Sources */,
				5571E004195F66980089E7E7 /* TimetablesTests.m in Sources */,
				5520FB691961A20A0031B156 /* TTPLesson.m in Sources */,
				5520FB791961BA3A0031B156 /* TTPTimetableViewController.m in Sources */,
				5511C281196424DB00E2C33B /* TTPTimetableAccessor.m in Sources */,
				5520FB6D1961A20A0031B156 /* TTPSubgroup.m in Sources */,
				5571E01E195F754E0089E7E7 /* TTPDepartment.m in Sources */,
				551C9352195F90A00017145D /* TTPGroupViewController.m in Sources */,
				5571E022195F75B20089E7E7 /* TTPParser.m in Sources */,
			);
			runOnlyForDeploymentPostprocessing = 0;
		};
/* End PBXSourcesBuildPhase section */

/* Begin PBXTargetDependency section */
		5571DFFC195F66980089E7E7 /* PBXTargetDependency */ = {
			isa = PBXTargetDependency;
			target = 5571DFD4195F66980089E7E7 /* Timetables */;
			targetProxy = 5571DFFB195F66980089E7E7 /* PBXContainerItemProxy */;
		};
/* End PBXTargetDependency section */

/* Begin PBXVariantGroup section */
		5520FB821961D7940031B156 /* Main-35.storyboard */ = {
			isa = PBXVariantGroup;
			children = (
				5520FB831961D7940031B156 /* Base */,
			);
			name = "Main-35.storyboard";
			sourceTree = "<group>";
		};
		5571DFE1195F66980089E7E7 /* InfoPlist.strings */ = {
			isa = PBXVariantGroup;
			children = (
				5571DFE2195F66980089E7E7 /* en */,
			);
			name = InfoPlist.strings;
			sourceTree = "<group>";
		};
		5571DFEA195F66980089E7E7 /* Main.storyboard */ = {
			isa = PBXVariantGroup;
			children = (
				5571DFEB195F66980089E7E7 /* Base */,
			);
			name = Main.storyboard;
			sourceTree = "<group>";
		};
		5571E000195F66980089E7E7 /* InfoPlist.strings */ = {
			isa = PBXVariantGroup;
			children = (
				5571E001195F66980089E7E7 /* en */,
			);
			name = InfoPlist.strings;
			sourceTree = "<group>";
		};
/* End PBXVariantGroup section */

/* Begin XCBuildConfiguration section */
		5571E005195F66980089E7E7 /* Debug */ = {
			isa = XCBuildConfiguration;
			buildSettings = {
				ALWAYS_SEARCH_USER_PATHS = NO;
				CLANG_CXX_LANGUAGE_STANDARD = "gnu++0x";
				CLANG_CXX_LIBRARY = "libc++";
				CLANG_ENABLE_MODULES = YES;
				CLANG_ENABLE_OBJC_ARC = YES;
				CLANG_WARN_BOOL_CONVERSION = YES;
				CLANG_WARN_CONSTANT_CONVERSION = YES;
				CLANG_WARN_DIRECT_OBJC_ISA_USAGE = YES_ERROR;
				CLANG_WARN_EMPTY_BODY = YES;
				CLANG_WARN_ENUM_CONVERSION = YES;
				CLANG_WARN_INT_CONVERSION = YES;
				CLANG_WARN_OBJC_ROOT_CLASS = YES_ERROR;
				CLANG_WARN__DUPLICATE_METHOD_MATCH = YES;
				"CODE_SIGN_IDENTITY[sdk=iphoneos*]" = "iPhone Developer";
				COPY_PHASE_STRIP = NO;
				GCC_C_LANGUAGE_STANDARD = gnu99;
				GCC_DYNAMIC_NO_PIC = NO;
				GCC_OPTIMIZATION_LEVEL = 0;
				GCC_PREPROCESSOR_DEFINITIONS = (
					"DEBUG=1",
					"$(inherited)",
				);
				GCC_SYMBOLS_PRIVATE_EXTERN = NO;
				GCC_WARN_64_TO_32_BIT_CONVERSION = YES;
				GCC_WARN_ABOUT_RETURN_TYPE = YES_ERROR;
				GCC_WARN_UNDECLARED_SELECTOR = YES;
				GCC_WARN_UNINITIALIZED_AUTOS = YES_AGGRESSIVE;
				GCC_WARN_UNUSED_FUNCTION = YES;
				GCC_WARN_UNUSED_VARIABLE = YES;
				IPHONEOS_DEPLOYMENT_TARGET = 7.1;
				ONLY_ACTIVE_ARCH = YES;
				SDKROOT = iphoneos;
			};
			name = Debug;
		};
		5571E006195F66980089E7E7 /* Release */ = {
			isa = XCBuildConfiguration;
			buildSettings = {
				ALWAYS_SEARCH_USER_PATHS = NO;
				CLANG_CXX_LANGUAGE_STANDARD = "gnu++0x";
				CLANG_CXX_LIBRARY = "libc++";
				CLANG_ENABLE_MODULES = YES;
				CLANG_ENABLE_OBJC_ARC = YES;
				CLANG_WARN_BOOL_CONVERSION = YES;
				CLANG_WARN_CONSTANT_CONVERSION = YES;
				CLANG_WARN_DIRECT_OBJC_ISA_USAGE = YES_ERROR;
				CLANG_WARN_EMPTY_BODY = YES;
				CLANG_WARN_ENUM_CONVERSION = YES;
				CLANG_WARN_INT_CONVERSION = YES;
				CLANG_WARN_OBJC_ROOT_CLASS = YES_ERROR;
				CLANG_WARN__DUPLICATE_METHOD_MATCH = YES;
				"CODE_SIGN_IDENTITY[sdk=iphoneos*]" = "iPhone Developer";
				COPY_PHASE_STRIP = YES;
				ENABLE_NS_ASSERTIONS = NO;
				GCC_C_LANGUAGE_STANDARD = gnu99;
				GCC_WARN_64_TO_32_BIT_CONVERSION = YES;
				GCC_WARN_ABOUT_RETURN_TYPE = YES_ERROR;
				GCC_WARN_UNDECLARED_SELECTOR = YES;
				GCC_WARN_UNINITIALIZED_AUTOS = YES_AGGRESSIVE;
				GCC_WARN_UNUSED_FUNCTION = YES;
				GCC_WARN_UNUSED_VARIABLE = YES;
				IPHONEOS_DEPLOYMENT_TARGET = 7.1;
				SDKROOT = iphoneos;
				VALIDATE_PRODUCT = YES;
			};
			name = Release;
		};
		5571E008195F66980089E7E7 /* Debug */ = {
			isa = XCBuildConfiguration;
			buildSettings = {
				ASSETCATALOG_COMPILER_APPICON_NAME = AppIcon;
				ASSETCATALOG_COMPILER_LAUNCHIMAGE_NAME = LaunchImage;
				CODE_SIGN_IDENTITY = "iPhone Developer";
				GCC_PRECOMPILE_PREFIX_HEADER = YES;
				GCC_PREFIX_HEADER = "Timetables/Timetables-Prefix.pch";
				INFOPLIST_FILE = "Timetables/Timetables-Info.plist";
				PRODUCT_NAME = "$(TARGET_NAME)";
				TARGETED_DEVICE_FAMILY = 1;
				WRAPPER_EXTENSION = app;
			};
			name = Debug;
		};
		5571E009195F66980089E7E7 /* Release */ = {
			isa = XCBuildConfiguration;
			buildSettings = {
				ASSETCATALOG_COMPILER_APPICON_NAME = AppIcon;
				ASSETCATALOG_COMPILER_LAUNCHIMAGE_NAME = LaunchImage;
				CODE_SIGN_IDENTITY = "iPhone Developer";
				GCC_PRECOMPILE_PREFIX_HEADER = YES;
				GCC_PREFIX_HEADER = "Timetables/Timetables-Prefix.pch";
				INFOPLIST_FILE = "Timetables/Timetables-Info.plist";
				PRODUCT_NAME = "$(TARGET_NAME)";
				TARGETED_DEVICE_FAMILY = 1;
				WRAPPER_EXTENSION = app;
			};
			name = Release;
		};
		5571E00B195F66980089E7E7 /* Debug */ = {
			isa = XCBuildConfiguration;
			buildSettings = {
				BUNDLE_LOADER = "$(BUILT_PRODUCTS_DIR)/Timetables.app/Timetables";
				FRAMEWORK_SEARCH_PATHS = (
					"$(SDKROOT)/Developer/Library/Frameworks",
					"$(inherited)",
					"$(DEVELOPER_FRAMEWORKS_DIR)",
				);
				GCC_PRECOMPILE_PREFIX_HEADER = YES;
				GCC_PREFIX_HEADER = "Timetables/Timetables-Prefix.pch";
				GCC_PREPROCESSOR_DEFINITIONS = (
					"DEBUG=1",
					"$(inherited)",
				);
				INFOPLIST_FILE = "TimetablesTests/TimetablesTests-Info.plist";
				PRODUCT_NAME = "$(TARGET_NAME)";
				TEST_HOST = "$(BUNDLE_LOADER)";
				WRAPPER_EXTENSION = xctest;
			};
			name = Debug;
		};
		5571E00C195F66980089E7E7 /* Release */ = {
			isa = XCBuildConfiguration;
			buildSettings = {
				BUNDLE_LOADER = "$(BUILT_PRODUCTS_DIR)/Timetables.app/Timetables";
				FRAMEWORK_SEARCH_PATHS = (
					"$(SDKROOT)/Developer/Library/Frameworks",
					"$(inherited)",
					"$(DEVELOPER_FRAMEWORKS_DIR)",
				);
				GCC_PRECOMPILE_PREFIX_HEADER = YES;
				GCC_PREFIX_HEADER = "Timetables/Timetables-Prefix.pch";
				INFOPLIST_FILE = "TimetablesTests/TimetablesTests-Info.plist";
				PRODUCT_NAME = "$(TARGET_NAME)";
				TEST_HOST = "$(BUNDLE_LOADER)";
				WRAPPER_EXTENSION = xctest;
			};
			name = Release;
		};
/* End XCBuildConfiguration section */

/* Begin XCConfigurationList section */
		5571DFD0195F66980089E7E7 /* Build configuration list for PBXProject "Timetables" */ = {
			isa = XCConfigurationList;
			buildConfigurations = (
				5571E005195F66980089E7E7 /* Debug */,
				5571E006195F66980089E7E7 /* Release */,
			);
			defaultConfigurationIsVisible = 0;
			defaultConfigurationName = Release;
		};
		5571E007195F66980089E7E7 /* Build configuration list for PBXNativeTarget "Timetables" */ = {
			isa = XCConfigurationList;
			buildConfigurations = (
				5571E008195F66980089E7E7 /* Debug */,
				5571E009195F66980089E7E7 /* Release */,
			);
			defaultConfigurationIsVisible = 0;
			defaultConfigurationName = Release;
		};
		5571E00A195F66980089E7E7 /* Build configuration list for PBXNativeTarget "TimetablesTests" */ = {
			isa = XCConfigurationList;
			buildConfigurations = (
				5571E00B195F66980089E7E7 /* Debug */,
				5571E00C195F66980089E7E7 /* Release */,
			);
			defaultConfigurationIsVisible = 0;
			defaultConfigurationName = Release;
		};
/* End XCConfigurationList section */
	};
	rootObject = 5571DFCD195F66980089E7E7 /* Project object */;
}
